
Microsoft Visual Studio Solution File, Format Version 12.00
# Visual Studio Version 16
VisualStudioVersion = 16.0.31605.320
MinimumVisualStudioVersion = 10.0.40219.1
Project("{9A19103F-16F7-4668-BE54-9A1E7A4F7556}") = "OctoRE", "OctoRE\OctoRE.csproj", "{8B6B977C-1826-4200-92D5-1D384A17989B}"
EndProject
Project("{FAE04EC0-301F-11D3-BF4B-00C04F79EFBC}") = "OctoRE.Core", "OctoRE.Core\OctoRE.Core.csproj", "{06C2C696-708F-43F7-86C9-93DEC667C3A2}"
EndProject
Global
	GlobalSection(SolutionConfigurationPlatforms) = preSolution
		Debug|Any CPU = Debug|Any CPU
		Release|Any CPU = Release|Any CPU
	EndGlobalSection
	GlobalSection(ProjectConfigurationPlatforms) = postSolution
		{8B6B977C-1826-4200-92D5-1D384A17989B}.Debug|Any CPU.ActiveCfg = Debug|Any CPU
		{8B6B977C-1826-4200-92D5-1D384A17989B}.Debug|Any CPU.Build.0 = Debug|Any CPU
		{8B6B977C-1826-4200-92D5-1D384A17989B}.Release|Any CPU.ActiveCfg = Release|Any CPU
		{8B6B977C-1826-4200-92D5-1D384A17989B}.Release|Any CPU.Build.0 = Release|Any CPU
		{06C2C696-708F-43F7-86C9-93DEC667C3A2}.Debug|Any CPU.ActiveCfg = Debug|Any CPU
		{06C2C696-708F-43F7-86C9-93DEC667C3A2}.Debug|Any CPU.Build.0 = Debug|Any CPU
		{06C2C696-708F-43F7-86C9-93DEC667C3A2}.Release|Any CPU.ActiveCfg = Release|Any CPU
		{06C2C696-708F-43F7-86C9-93DEC667C3A2}.Release|Any CPU.Build.0 = Release|Any CPU
	EndGlobalSection
	GlobalSection(SolutionProperties) = preSolution
		HideSolutionNode = FALSE
	EndGlobalSection
	GlobalSection(ExtensibilityGlobals) = postSolution
		SolutionGuid = {B67CA525-EAD1-4CC8-8795-487DDC5BD97C}
	EndGlobalSection
EndGlobal
